
Microsoft Visual Studio Solution File, Format Version 12.00
# Visual Studio Version 16
VisualStudioVersion = 16.0.33801.447
MinimumVisualStudioVersion = 10.0.40219.1
Project("{8BC9CEB8-8B4A-11D0-8D11-00A0C91BC942}") = "HW3_1", "HW3_1\HW3_1.vcxproj", "{FB111F4B-5078-4050-A609-16B4789ED97C}"
EndProject
Global
	GlobalSection(SolutionConfigurationPlatforms) = preSolution
		Debug|x64 = Debug|x64
		Debug|x86 = Debug|x86
		Release|x64 = Release|x64
		Release|x86 = Release|x86
	EndGlobalSection
	GlobalSection(ProjectConfigurationPlatforms) = postSolution
		{FB111F4B-5078-4050-A609-16B4789ED97C}.Debug|x64.ActiveCfg = Debug|x64
		{FB111F4B-5078-4050-A609-16B4789ED97C}.Debug|x64.Build.0 = Debug|x64
		{FB111F4B-5078-4050-A609-16B4789ED97C}.Debug|x86.ActiveCfg = Debug|Win32
		{FB111F4B-5078-4050-A609-16B4789ED97C}.Debug|x86.Build.0 = Debug|Win32
		{FB111F4B-5078-4050-A609-16B4789ED97C}.Release|x64.ActiveCfg = Release|x64
		{FB111F4B-5078-4050-A609-16B4789ED97C}.Release|x64.Build.0 = Release|x64
		{FB111F4B-5078-4050-A609-16B4789ED97C}.Release|x86.ActiveCfg = Release|Win32
		{FB111F4B-5078-4050-A609-16B4789ED97C}.Release|x86.Build.0 = Release|Win32
	EndGlobalSection
	GlobalSection(SolutionProperties) = preSolution
		HideSolutionNode = FALSE
	EndGlobalSection
	GlobalSection(ExtensibilityGlobals) = postSolution
		SolutionGuid = {8B7C6B69-B442-4025-9EC2-2DE61B94587E}
	EndGlobalSection
EndGlobal
