
Microsoft Visual Studio Solution File, Format Version 12.00
# Visual Studio Version 16
VisualStudioVersion = 16.0.33801.447
MinimumVisualStudioVersion = 10.0.40219.1
Project("{8BC9CEB8-8B4A-11D0-8D11-00A0C91BC942}") = "HW4_3", "HW4_3\HW4_3.vcxproj", "{A17EEE34-2DC8-443E-8197-6F011BB1AC12}"
EndProject
Global
	GlobalSection(SolutionConfigurationPlatforms) = preSolution
		Debug|x64 = Debug|x64
		Debug|x86 = Debug|x86
		Release|x64 = Release|x64
		Release|x86 = Release|x86
	EndGlobalSection
	GlobalSection(ProjectConfigurationPlatforms) = postSolution
		{A17EEE34-2DC8-443E-8197-6F011BB1AC12}.Debug|x64.ActiveCfg = Debug|x64
		{A17EEE34-2DC8-443E-8197-6F011BB1AC12}.Debug|x64.Build.0 = Debug|x64
		{A17EEE34-2DC8-443E-8197-6F011BB1AC12}.Debug|x86.ActiveCfg = Debug|Win32
		{A17EEE34-2DC8-443E-8197-6F011BB1AC12}.Debug|x86.Build.0 = Debug|Win32
		{A17EEE34-2DC8-443E-8197-6F011BB1AC12}.Release|x64.ActiveCfg = Release|x64
		{A17EEE34-2DC8-443E-8197-6F011BB1AC12}.Release|x64.Build.0 = Release|x64
		{A17EEE34-2DC8-443E-8197-6F011BB1AC12}.Release|x86.ActiveCfg = Release|Win32
		{A17EEE34-2DC8-443E-8197-6F011BB1AC12}.Release|x86.Build.0 = Release|Win32
	EndGlobalSection
	GlobalSection(SolutionProperties) = preSolution
		HideSolutionNode = FALSE
	EndGlobalSection
	GlobalSection(ExtensibilityGlobals) = postSolution
		SolutionGuid = {A1292A59-09DC-405E-A678-21459FE25BAF}
	EndGlobalSection
EndGlobal
